{
  "name": "GoodFood-BE",
  "lockfileVersion": 3,
  "requires": true,
  "packages": {
    "": {
      "dependencies": {
        "mae": "^0.0.0"
      }
    },
    "node_modules/mae": {
      "version": "0.0.0",
      "resolved": "https://registry.npmjs.org/mae/-/mae-0.0.0.tgz",
      "integrity": "sha512-o4se+crY690VGKTvQ+yN+R5GkR9ZIoRpRahXBvA7JzeAmTO8jZBPihmdj+Skxz6164v0H8AacFCG9jiVgdMi2g=="
    }
  }
}
